{
    "_readme": [
        "This file locks the dependencies of your project to a known state",
        "Read more about it at https://getcomposer.org/doc/01-basic-usage.md#composer-lock-the-lock-file",
        "This file is @generated automatically"
    ],
    "content-hash": "200b24d05342551fc8574f4ae51041f0",
    "packages": [],
    "packages-dev": [
        {
            "name": "nette/bootstrap",
            "version": "v2.4.3",
            "source": {
                "type": "git",
                "url": "https://github.com/nette/bootstrap.git",
                "reference": "2c27747f5aff2e436ebf542e0ea566bea1db2d53"
            },
            "dist": {
                "type": "zip",
                "url": "https://api.github.com/repos/nette/bootstrap/zipball/2c27747f5aff2e436ebf542e0ea566bea1db2d53",
                "reference": "2c27747f5aff2e436ebf542e0ea566bea1db2d53",
                "shasum": ""
            },
            "require": {
                "nette/di": "~2.4.7",
                "nette/utils": "~2.4",
                "php": ">=5.6.0"
            },
            "conflict": {
                "nette/nette": "<2.2"
            },
            "require-dev": {
                "latte/latte": "~2.2",
                "nette/application": "~2.3",
                "nette/caching": "~2.3",
                "nette/database": "~2.3",
                "nette/forms": "~2.3",
                "nette/http": "~2.4.0",
                "nette/mail": "~2.3",
                "nette/robot-loader": "^2.4.2 || ^3.0",
                "nette/safe-stream": "~2.2",
                "nette/security": "~2.3",
                "nette/tester": "~2.0",
                "tracy/tracy": "^2.4.1"
            },
            "suggest": {
                "nette/robot-loader": "to use Configurator::createRobotLoader()",
                "tracy/tracy": "to use Configurator::enableTracy()"
            },
            "type": "library",
            "extra": {
                "branch-alias": {
                    "dev-master": "2.4-dev"
                }
            },
            "autoload": {
                "classmap": [
                    "src/"
                ]
            },
            "notification-url": "https://packagist.org/downloads/",
            "license": [
                "BSD-3-Clause",
                "GPL-2.0",
                "GPL-3.0"
            ],
            "authors": [
                {
                    "name": "David Grudl",
                    "homepage": "https://davidgrudl.com"
                },
                {
                    "name": "Nette Community",
                    "homepage": "https://nette.org/contributors"
                }
            ],
            "description": "Nette Bootstrap",
            "homepage": "https://nette.org",
            "time": "2017-02-19T22:15:02+00:00"
        },
        {
            "name": "nette/caching",
            "version": "v2.5.3",
            "source": {
                "type": "git",
                "url": "https://github.com/nette/caching.git",
                "reference": "2436e530484a346d0a246733519ceaa40b943bd6"
            },
            "dist": {
                "type": "zip",
                "url": "https://api.github.com/repos/nette/caching/zipball/2436e530484a346d0a246733519ceaa40b943bd6",
                "reference": "2436e530484a346d0a246733519ceaa40b943bd6",
                "shasum": ""
            },
            "require": {
                "nette/finder": "^2.2 || ~3.0.0",
                "nette/utils": "^2.4 || ~3.0.0",
                "php": ">=5.6.0"
            },
            "conflict": {
                "nette/nette": "<2.2"
            },
            "require-dev": {
                "latte/latte": "^2.4",
                "nette/di": "^2.4 || ~3.0.0",
                "nette/tester": "^2.0",
                "tracy/tracy": "^2.4"
            },
            "suggest": {
                "ext-pdo_sqlite": "to use SQLiteStorage or SQLiteJournal"
            },
            "type": "library",
            "extra": {
                "branch-alias": {
                    "dev-master": "2.5-dev"
                }
            },
            "autoload": {
                "classmap": [
                    "src/"
                ]
            },
            "notification-url": "https://packagist.org/downloads/",
            "license": [
                "BSD-3-Clause",
                "GPL-2.0",
                "GPL-3.0"
            ],
            "authors": [
                {
                    "name": "David Grudl",
                    "homepage": "https://davidgrudl.com"
                },
                {
                    "name": "Nette Community",
                    "homepage": "https://nette.org/contributors"
                }
            ],
            "description": "Nette Caching Component",
            "homepage": "https://nette.org",
            "time": "2017-01-29T20:40:55+00:00"
        },
        {
            "name": "nette/di",
            "version": "v2.4.8",
            "source": {
                "type": "git",
                "url": "https://github.com/nette/di.git",
                "reference": "b3fe8551162279216e251e49b406e55cd2d255d5"
            },
            "dist": {
                "type": "zip",
                "url": "https://api.github.com/repos/nette/di/zipball/b3fe8551162279216e251e49b406e55cd2d255d5",
                "reference": "b3fe8551162279216e251e49b406e55cd2d255d5",
                "shasum": ""
            },
            "require": {
                "ext-tokenizer": "*",
                "nette/neon": "^2.3.3 || ~3.0.0",
                "nette/php-generator": "^2.6.1 || ~3.0.0",
                "nette/utils": "^2.4.3 || ~3.0.0",
                "php": ">=5.6.0"
            },
            "conflict": {
                "nette/bootstrap": "<2.4",
                "nette/nette": "<2.2"
            },
            "require-dev": {
                "nette/tester": "^2.0",
                "tracy/tracy": "^2.3"
            },
            "type": "library",
            "extra": {
                "branch-alias": {
                    "dev-master": "2.4-dev"
                }
            },
            "autoload": {
                "classmap": [
                    "src/"
                ]
            },
            "notification-url": "https://packagist.org/downloads/",
            "license": [
                "BSD-3-Clause",
                "GPL-2.0",
                "GPL-3.0"
            ],
            "authors": [
                {
                    "name": "David Grudl",
                    "homepage": "https://davidgrudl.com"
                },
                {
                    "name": "Nette Community",
                    "homepage": "https://nette.org/contributors"
                }
            ],
            "description": "Nette Dependency Injection Component",
            "homepage": "https://nette.org",
            "time": "2017-03-14T17:16:14+00:00"
        },
        {
            "name": "nette/finder",
            "version": "v2.4.0",
            "source": {
                "type": "git",
                "url": "https://github.com/nette/finder.git",
                "reference": "5cabd5fe89f9903715359a403b820c7f94f9bb5e"
            },
            "dist": {
                "type": "zip",
                "url": "https://api.github.com/repos/nette/finder/zipball/5cabd5fe89f9903715359a403b820c7f94f9bb5e",
                "reference": "5cabd5fe89f9903715359a403b820c7f94f9bb5e",
                "shasum": ""
            },
            "require": {
                "nette/utils": "~2.4",
                "php": ">=5.6.0"
            },
            "conflict": {
                "nette/nette": "<2.2"
            },
            "require-dev": {
                "nette/tester": "~2.0",
                "tracy/tracy": "^2.3"
            },
            "type": "library",
            "extra": {
                "branch-alias": {
                    "dev-master": "2.4-dev"
                }
            },
            "autoload": {
                "classmap": [
                    "src/"
                ]
            },
            "notification-url": "https://packagist.org/downloads/",
            "license": [
                "BSD-3-Clause",
                "GPL-2.0",
                "GPL-3.0"
            ],
            "authors": [
                {
                    "name": "David Grudl",
                    "homepage": "https://davidgrudl.com"
                },
                {
                    "name": "Nette Community",
                    "homepage": "https://nette.org/contributors"
                }
            ],
            "description": "Nette Finder: Files Searching",
            "homepage": "https://nette.org",
            "time": "2016-05-17T15:49:06+00:00"
        },
        {
            "name": "nette/neon",
            "version": "v2.4.1",
            "source": {
                "type": "git",
                "url": "https://github.com/nette/neon.git",
                "reference": "1a78ff64b1e161ebccc03bdf9366450a69365f5b"
            },
            "dist": {
                "type": "zip",
                "url": "https://api.github.com/repos/nette/neon/zipball/1a78ff64b1e161ebccc03bdf9366450a69365f5b",
                "reference": "1a78ff64b1e161ebccc03bdf9366450a69365f5b",
                "shasum": ""
            },
            "require": {
                "ext-iconv": "*",
                "ext-json": "*",
                "php": ">=5.6.0"
            },
            "require-dev": {
                "nette/tester": "~2.0",
                "tracy/tracy": "^2.3"
            },
            "type": "library",
            "extra": {
                "branch-alias": {
                    "dev-master": "2.4-dev"
                }
            },
            "autoload": {
                "classmap": [
                    "src/"
                ]
            },
            "notification-url": "https://packagist.org/downloads/",
            "license": [
                "BSD-3-Clause",
                "GPL-2.0",
                "GPL-3.0"
            ],
            "authors": [
                {
                    "name": "David Grudl",
                    "homepage": "https://davidgrudl.com"
                },
                {
                    "name": "Nette Community",
                    "homepage": "https://nette.org/contributors"
                }
            ],
            "description": "Nette NEON: parser & generator for Nette Object Notation",
            "homepage": "http://ne-on.org",
            "time": "2017-01-13T08:00:19+00:00"
        },
        {
            "name": "nette/php-generator",
            "version": "v3.0.0",
            "source": {
                "type": "git",
                "url": "https://github.com/nette/php-generator.git",
                "reference": "8605fd18857a4beef4aa0afc19eb9a7f876237e8"
            },
            "dist": {
                "type": "zip",
                "url": "https://api.github.com/repos/nette/php-generator/zipball/8605fd18857a4beef4aa0afc19eb9a7f876237e8",
                "reference": "8605fd18857a4beef4aa0afc19eb9a7f876237e8",
                "shasum": ""
            },
            "require": {
                "nette/utils": "^2.4.2 || ~3.0.0",
                "php": ">=7.0"
            },
            "conflict": {
                "nette/nette": "<2.2"
            },
            "require-dev": {
                "nette/tester": "^2.0",
                "tracy/tracy": "^2.3"
            },
            "type": "library",
            "extra": {
                "branch-alias": {
                    "dev-master": "3.0-dev"
                }
            },
            "autoload": {
                "classmap": [
                    "src/"
                ]
            },
            "notification-url": "https://packagist.org/downloads/",
            "license": [
                "BSD-3-Clause",
                "GPL-2.0",
                "GPL-3.0"
            ],
            "authors": [
                {
                    "name": "David Grudl",
                    "homepage": "https://davidgrudl.com"
                },
                {
                    "name": "Nette Community",
                    "homepage": "https://nette.org/contributors"
                }
            ],
            "description": "🐘 Generates neat PHP code for you. Supports new PHP 7.1 features.",
            "homepage": "https://nette.org",
            "keywords": [
                "code",
                "nette",
                "php",
                "scaffolding"
            ],
            "time": "2017-03-18T15:20:10+00:00"
        },
        {
            "name": "nette/robot-loader",
            "version": "v3.0.0",
            "source": {
                "type": "git",
                "url": "https://github.com/nette/robot-loader.git",
                "reference": "459fc6bf08f0fd7f6889897e3acdff523dbf1159"
            },
            "dist": {
                "type": "zip",
                "url": "https://api.github.com/repos/nette/robot-loader/zipball/459fc6bf08f0fd7f6889897e3acdff523dbf1159",
                "reference": "459fc6bf08f0fd7f6889897e3acdff523dbf1159",
                "shasum": ""
            },
            "require": {
                "ext-tokenizer": "*",
                "nette/finder": "^2.3 || ^3.0",
                "nette/utils": "^2.4 || ^3.0",
                "php": ">=5.6.0"
            },
            "conflict": {
                "nette/nette": "<2.2"
            },
            "require-dev": {
                "nette/tester": "^2.0",
                "tracy/tracy": "^2.3"
            },
            "type": "library",
            "extra": {
                "branch-alias": {
                    "dev-master": "3.0-dev"
                }
            },
            "autoload": {
                "classmap": [
                    "src/"
                ]
            },
            "notification-url": "https://packagist.org/downloads/",
            "license": [
                "BSD-3-Clause",
                "GPL-2.0",
                "GPL-3.0"
            ],
            "authors": [
                {
                    "name": "David Grudl",
                    "homepage": "https://davidgrudl.com"
                },
                {
                    "name": "Nette Community",
                    "homepage": "https://nette.org/contributors"
                }
            ],
            "description": "🍀 RobotLoader: high performance and comfortable autoloader that will search and autoload classes within your application.",
            "homepage": "https://nette.org",
            "keywords": [
                "autoload",
                "class",
                "interface",
                "nette",
                "trait"
            ],
            "time": "2017-02-10T13:44:22+00:00"
        },
        {
            "name": "nette/utils",
            "version": "v2.4.5",
            "source": {
                "type": "git",
                "url": "https://github.com/nette/utils.git",
                "reference": "28ad4e2a6dcf143c23bde969a825f10a5d513602"
            },
            "dist": {
                "type": "zip",
                "url": "https://api.github.com/repos/nette/utils/zipball/28ad4e2a6dcf143c23bde969a825f10a5d513602",
                "reference": "28ad4e2a6dcf143c23bde969a825f10a5d513602",
                "shasum": ""
            },
            "require": {
                "php": ">=5.6.0"
            },
            "conflict": {
                "nette/nette": "<2.2"
            },
            "require-dev": {
                "nette/tester": "~2.0",
                "tracy/tracy": "^2.3"
            },
            "suggest": {
                "ext-gd": "to use Image",
                "ext-iconv": "to use Strings::webalize() and toAscii()",
                "ext-intl": "for script transliteration in Strings::webalize() and toAscii()",
                "ext-json": "to use Nette\\Utils\\Json",
                "ext-mbstring": "to use Strings::lower() etc...",
                "ext-xml": "to use Strings::length() etc. when mbstring is not available",
                "https://nette.org/donate": "\u001b[1;37;42m Please consider supporting Nette via a donation \u001b[0m"
            },
            "type": "library",
            "extra": {
                "branch-alias": {
                    "dev-master": "2.4-dev"
                }
            },
            "autoload": {
                "classmap": [
                    "src/"
                ]
            },
            "notification-url": "https://packagist.org/downloads/",
            "license": [
                "BSD-3-Clause",
                "GPL-2.0",
                "GPL-3.0"
            ],
            "authors": [
                {
                    "name": "David Grudl",
                    "homepage": "https://davidgrudl.com"
                },
                {
                    "name": "Nette Community",
                    "homepage": "https://nette.org/contributors"
                }
            ],
            "description": "Nette Utility Classes",
            "homepage": "https://nette.org",
            "time": "2017-03-29T16:55:54+00:00"
        },
        {
            "name": "nikic/php-parser",
            "version": "v3.0.5",
            "source": {
                "type": "git",
                "url": "https://github.com/nikic/PHP-Parser.git",
                "reference": "2b9e2f71b722f7c53918ab0c25f7646c2013f17d"
            },
            "dist": {
                "type": "zip",
                "url": "https://api.github.com/repos/nikic/PHP-Parser/zipball/2b9e2f71b722f7c53918ab0c25f7646c2013f17d",
                "reference": "2b9e2f71b722f7c53918ab0c25f7646c2013f17d",
                "shasum": ""
            },
            "require": {
                "ext-tokenizer": "*",
                "php": ">=5.5"
            },
            "require-dev": {
                "phpunit/phpunit": "~4.0|~5.0"
            },
            "bin": [
                "bin/php-parse"
            ],
            "type": "library",
            "extra": {
                "branch-alias": {
                    "dev-master": "3.0-dev"
                }
            },
            "autoload": {
                "psr-4": {
                    "PhpParser\\": "lib/PhpParser"
                }
            },
            "notification-url": "https://packagist.org/downloads/",
            "license": [
                "BSD-3-Clause"
            ],
            "authors": [
                {
                    "name": "Nikita Popov"
                }
            ],
            "description": "A PHP parser written in PHP",
            "keywords": [
                "parser",
                "php"
            ],
            "time": "2017-03-05T18:23:57+00:00"
        },
        {
            "name": "phpstan/phpstan",
            "version": "0.6.4",
            "source": {
                "type": "git",
                "url": "https://github.com/phpstan/phpstan.git",
                "reference": "55ee8b0c451546ac069c2c4130ce505c4a4cf409"
            },
            "dist": {
                "type": "zip",
                "url": "https://api.github.com/repos/phpstan/phpstan/zipball/55ee8b0c451546ac069c2c4130ce505c4a4cf409",
                "reference": "55ee8b0c451546ac069c2c4130ce505c4a4cf409",
                "shasum": ""
            },
            "require": {
                "nette/bootstrap": "^2.4 || ^3.0",
                "nette/caching": "^2.4 || ^3.0",
                "nette/di": "^2.4 || ^3.0",
                "nette/robot-loader": "^2.4.2 || ^3.0",
                "nette/utils": "^2.4 || ^3.0",
                "nikic/php-parser": "^2.1 || ^3.0.2",
                "php": "~7.0",
                "symfony/console": "~2.7 || ~3.0",
                "symfony/finder": "~2.7 || ~3.0"
            },
            "require-dev": {
                "consistence/coding-standard": "~0.13.0",
                "jakub-onderka/php-parallel-lint": "^0.9",
                "phing/phing": "^2.13.0",
                "phpunit/phpunit": "^5.6",
                "satooshi/php-coveralls": "^1.0",
                "slevomat/coding-standard": "dev-2.0-dev#2b8e2b0992f31205e4c1d2fb5c39af05274c7c4d"
            },
            "bin": [
                "bin/phpstan"
            ],
            "type": "library",
            "extra": {
                "branch-alias": {
                    "dev-master": "0.6-dev"
                }
            },
            "autoload": {
                "psr-4": {
                    "PHPStan\\": "src/"
                }
            },
            "notification-url": "https://packagist.org/downloads/",
            "license": [
                "MIT"
            ],
            "description": "PHPStan - PHP Static Analysis Tool",
            "time": "2017-02-20T20:45:32+00:00"
        },
        {
            "name": "psr/log",
            "version": "1.0.2",
            "source": {
                "type": "git",
                "url": "https://github.com/php-fig/log.git",
                "reference": "4ebe3a8bf773a19edfe0a84b6585ba3d401b724d"
            },
            "dist": {
                "type": "zip",
                "url": "https://api.github.com/repos/php-fig/log/zipball/4ebe3a8bf773a19edfe0a84b6585ba3d401b724d",
                "reference": "4ebe3a8bf773a19edfe0a84b6585ba3d401b724d",
                "shasum": ""
            },
            "require": {
                "php": ">=5.3.0"
            },
            "type": "library",
            "extra": {
                "branch-alias": {
                    "dev-master": "1.0.x-dev"
                }
            },
            "autoload": {
                "psr-4": {
                    "Psr\\Log\\": "Psr/Log/"
                }
            },
            "notification-url": "https://packagist.org/downloads/",
            "license": [
                "MIT"
            ],
            "authors": [
                {
                    "name": "PHP-FIG",
                    "homepage": "http://www.php-fig.org/"
                }
            ],
            "description": "Common interface for logging libraries",
            "homepage": "https://github.com/php-fig/log",
            "keywords": [
                "log",
                "psr",
                "psr-3"
            ],
            "time": "2016-10-10T12:19:37+00:00"
        },
        {
            "name": "symfony/console",
            "version": "v3.2.7",
            "source": {
                "type": "git",
                "url": "https://github.com/symfony/console.git",
                "reference": "c30243cc51f726812be3551316b109a2f5deaf8d"
            },
            "dist": {
                "type": "zip",
                "url": "https://api.github.com/repos/symfony/console/zipball/c30243cc51f726812be3551316b109a2f5deaf8d",
                "reference": "c30243cc51f726812be3551316b109a2f5deaf8d",
                "shasum": ""
            },
            "require": {
                "php": ">=5.5.9",
                "symfony/debug": "~2.8|~3.0",
                "symfony/polyfill-mbstring": "~1.0"
            },
            "require-dev": {
                "psr/log": "~1.0",
                "symfony/event-dispatcher": "~2.8|~3.0",
                "symfony/filesystem": "~2.8|~3.0",
                "symfony/process": "~2.8|~3.0"
            },
            "suggest": {
                "psr/log": "For using the console logger",
                "symfony/event-dispatcher": "",
                "symfony/filesystem": "",
                "symfony/process": ""
            },
            "type": "library",
            "extra": {
                "branch-alias": {
                    "dev-master": "3.2-dev"
                }
            },
            "autoload": {
                "psr-4": {
                    "Symfony\\Component\\Console\\": ""
                },
                "exclude-from-classmap": [
                    "/Tests/"
                ]
            },
            "notification-url": "https://packagist.org/downloads/",
            "license": [
                "MIT"
            ],
            "authors": [
                {
                    "name": "Fabien Potencier",
                    "email": "fabien@symfony.com"
                },
                {
                    "name": "Symfony Community",
                    "homepage": "https://symfony.com/contributors"
                }
            ],
            "description": "Symfony Console Component",
            "homepage": "https://symfony.com",
            "time": "2017-04-04T14:33:42+00:00"
        },
        {
            "name": "symfony/debug",
            "version": "v3.2.7",
            "source": {
                "type": "git",
                "url": "https://github.com/symfony/debug.git",
                "reference": "56f613406446a4a0a031475cfd0a01751de22659"
            },
            "dist": {
                "type": "zip",
                "url": "https://api.github.com/repos/symfony/debug/zipball/56f613406446a4a0a031475cfd0a01751de22659",
                "reference": "56f613406446a4a0a031475cfd0a01751de22659",
                "shasum": ""
            },
            "require": {
                "php": ">=5.5.9",
                "psr/log": "~1.0"
            },
            "conflict": {
                "symfony/http-kernel": ">=2.3,<2.3.24|~2.4.0|>=2.5,<2.5.9|>=2.6,<2.6.2"
            },
            "require-dev": {
                "symfony/class-loader": "~2.8|~3.0",
                "symfony/http-kernel": "~2.8|~3.0"
            },
            "type": "library",
            "extra": {
                "branch-alias": {
                    "dev-master": "3.2-dev"
                }
            },
            "autoload": {
                "psr-4": {
                    "Symfony\\Component\\Debug\\": ""
                },
                "exclude-from-classmap": [
                    "/Tests/"
                ]
            },
            "notification-url": "https://packagist.org/downloads/",
            "license": [
                "MIT"
            ],
            "authors": [
                {
                    "name": "Fabien Potencier",
                    "email": "fabien@symfony.com"
                },
                {
                    "name": "Symfony Community",
                    "homepage": "https://symfony.com/contributors"
                }
            ],
            "description": "Symfony Debug Component",
            "homepage": "https://symfony.com",
            "time": "2017-03-28T21:38:24+00:00"
        },
        {
            "name": "symfony/finder",
            "version": "v3.2.7",
            "source": {
                "type": "git",
                "url": "https://github.com/symfony/finder.git",
                "reference": "b20900ce5ea164cd9314af52725b0bb5a758217a"
            },
            "dist": {
                "type": "zip",
                "url": "https://api.github.com/repos/symfony/finder/zipball/b20900ce5ea164cd9314af52725b0bb5a758217a",
                "reference": "b20900ce5ea164cd9314af52725b0bb5a758217a",
                "shasum": ""
            },
            "require": {
                "php": ">=5.5.9"
            },
            "type": "library",
            "extra": {
                "branch-alias": {
                    "dev-master": "3.2-dev"
                }
            },
            "autoload": {
                "psr-4": {
                    "Symfony\\Component\\Finder\\": ""
                },
                "exclude-from-classmap": [
                    "/Tests/"
                ]
            },
            "notification-url": "https://packagist.org/downloads/",
            "license": [
                "MIT"
            ],
            "authors": [
                {
                    "name": "Fabien Potencier",
                    "email": "fabien@symfony.com"
                },
                {
                    "name": "Symfony Community",
                    "homepage": "https://symfony.com/contributors"
                }
            ],
            "description": "Symfony Finder Component",
            "homepage": "https://symfony.com",
            "time": "2017-03-20T09:32:19+00:00"
        },
        {
            "name": "symfony/polyfill-mbstring",
            "version": "v1.3.0",
            "source": {
                "type": "git",
                "url": "https://github.com/symfony/polyfill-mbstring.git",
                "reference": "e79d363049d1c2128f133a2667e4f4190904f7f4"
            },
            "dist": {
                "type": "zip",
                "url": "https://api.github.com/repos/symfony/polyfill-mbstring/zipball/e79d363049d1c2128f133a2667e4f4190904f7f4",
                "reference": "e79d363049d1c2128f133a2667e4f4190904f7f4",
                "shasum": ""
            },
            "require": {
                "php": ">=5.3.3"
            },
            "suggest": {
                "ext-mbstring": "For best performance"
            },
            "type": "library",
            "extra": {
                "branch-alias": {
                    "dev-master": "1.3-dev"
                }
            },
            "autoload": {
                "psr-4": {
                    "Symfony\\Polyfill\\Mbstring\\": ""
                },
                "files": [
                    "bootstrap.php"
                ]
            },
            "notification-url": "https://packagist.org/downloads/",
            "license": [
                "MIT"
            ],
            "authors": [
                {
                    "name": "Nicolas Grekas",
                    "email": "p@tchwork.com"
                },
                {
                    "name": "Symfony Community",
                    "homepage": "https://symfony.com/contributors"
                }
            ],
            "description": "Symfony polyfill for the Mbstring extension",
            "homepage": "https://symfony.com",
            "keywords": [
                "compatibility",
                "mbstring",
                "polyfill",
                "portable",
                "shim"
            ],
            "time": "2016-11-14T01:06:16+00:00"
        }
    ],
    "aliases": [],
    "minimum-stability": "stable",
    "stability-flags": [],
    "prefer-stable": false,
    "prefer-lowest": false,
    "platform": {
        "ext-pthreads": "3.1.6"
    },
    "platform-dev": []
}
